{
    "_readme": [
        "This file locks the dependencies of your project to a known state",
        "Read more about it at https://getcomposer.org/doc/01-basic-usage.md#composer-lock-the-lock-file",
        "This file is @generated automatically"
    ],
    "content-hash": "f0fe6887751e14868a044ddfe980f94d",
    "packages": [
        {
            "name": "andaniel05/composed-views",
            "version": "dev-0.1a",
            "source": {
                "type": "git",
                "url": "https://github.com/andaniel05/ComposedViews.git",
                "reference": "83c48b2bd5e069e2fb250e5ff5b0841a6cebcdd1"
            },
            "dist": {
                "type": "zip",
                "url": "https://api.github.com/repos/andaniel05/ComposedViews/zipball/83c48b2bd5e069e2fb250e5ff5b0841a6cebcdd1",
                "reference": "83c48b2bd5e069e2fb250e5ff5b0841a6cebcdd1",
                "shasum": ""
            },
            "require": {
                "myclabs/deep-copy": "^1.5",
                "php": ">=7.1.0",
                "symfony/event-dispatcher": "^3.2"
            },
            "require-dev": {
                "phpunit/phpunit": "^6.0"
            },
            "type": "library",
            "autoload": {
                "psr-4": {
                    "Andaniel05\\ComposedViews\\": "src/",
                    "Andaniel05\\ComposedViews\\Tests\\": "tests/"
                }
            },
            "notification-url": "https://packagist.org/downloads/",
            "license": [
                "MIT"
            ],
            "authors": [
                {
                    "name": "Andy D. Navarro Taño",
                    "email": "andaniel05@gmail.com"
                }
            ],
            "time": "2017-12-08T15:03:10+00:00"
        },
        {
            "name": "andaniel05/glue-php",
            "version": "dev-0.1a",
            "source": {
                "type": "git",
                "url": "https://github.com/andaniel05/GluePHP.git",
                "reference": "6064099a95861324852918129ac8f1931311155f"
            },
            "dist": {
                "type": "zip",
                "url": "https://api.github.com/repos/andaniel05/GluePHP/zipball/6064099a95861324852918129ac8f1931311155f",
                "reference": "6064099a95861324852918129ac8f1931311155f",
                "shasum": ""
            },
            "require": {
                "andaniel05/composed-views": "dev-0.1a",
                "matthiasmullie/minify": "^1.3",
                "php": ">=7.1.1"
            },
            "require-dev": {
                "facebook/webdriver": "dev-master",
                "opis/closure": "^3.0.0",
                "phpunit/phpunit": "^6.0"
            },
            "type": "library",
            "autoload": {
                "psr-4": {
                    "Andaniel05\\GluePHP\\": "src/",
                    "Andaniel05\\GluePHP\\Tests\\": "tests/"
                },
                "files": [
                    "src/functions.php"
                ]
            },
            "notification-url": "https://packagist.org/downloads/",
            "license": [
                "MIT"
            ],
            "authors": [
                {
                    "name": "Andy D. Navarro Taño",
                    "email": "andaniel05@gmail.com"
                }
            ],
            "time": "2018-01-29T12:44:03+00:00"
        },
        {
            "name": "matthiasmullie/minify",
            "version": "1.3.58",
            "source": {
                "type": "git",
                "url": "https://github.com/matthiasmullie/minify.git",
                "reference": "aee56fe6c706662c5991bb1f88cabe19430c60fe"
            },
            "dist": {
                "type": "zip",
                "url": "https://api.github.com/repos/matthiasmullie/minify/zipball/aee56fe6c706662c5991bb1f88cabe19430c60fe",
                "reference": "aee56fe6c706662c5991bb1f88cabe19430c60fe",
                "shasum": ""
            },
            "require": {
                "ext-pcre": "*",
                "matthiasmullie/path-converter": "~1.1",
                "php": ">=5.3.0"
            },
            "require-dev": {
                "friendsofphp/php-cs-fixer": "~2.0",
                "matthiasmullie/scrapbook": "~1.0",
                "phpunit/phpunit": "~4.8"
            },
            "suggest": {
                "psr/cache-implementation": "Cache implementation to use with Minify::cache"
            },
            "bin": [
                "bin/minifycss",
                "bin/minifyjs"
            ],
            "type": "library",
            "autoload": {
                "psr-4": {
                    "MatthiasMullie\\Minify\\": "src/"
                }
            },
            "notification-url": "https://packagist.org/downloads/",
            "license": [
                "MIT"
            ],
            "authors": [
                {
                    "name": "Matthias Mullie",
                    "email": "minify@mullie.eu",
                    "homepage": "http://www.mullie.eu",
                    "role": "Developer"
                }
            ],
            "description": "CSS & JavaScript minifier, in PHP. Removes whitespace, strips comments, combines files (incl. @import statements and small assets in CSS files), and optimizes/shortens a few common programming patterns.",
            "homepage": "http://www.minifier.org",
            "keywords": [
                "JS",
                "css",
                "javascript",
                "minifier",
                "minify"
            ],
            "time": "2018-01-08T10:01:42+00:00"
        },
        {
            "name": "matthiasmullie/path-converter",
            "version": "1.1.0",
            "source": {
                "type": "git",
                "url": "https://github.com/matthiasmullie/path-converter.git",
                "reference": "08551ec1b156e923c242a10ab484bd4d6ead6631"
            },
            "dist": {
                "type": "zip",
                "url": "https://api.github.com/repos/matthiasmullie/path-converter/zipball/08551ec1b156e923c242a10ab484bd4d6ead6631",
                "reference": "08551ec1b156e923c242a10ab484bd4d6ead6631",
                "shasum": ""
            },
            "require": {
                "ext-pcre": "*",
                "php": ">=5.3.0"
            },
            "require-dev": {
                "phpunit/phpunit": "~4.8"
            },
            "type": "library",
            "autoload": {
                "psr-4": {
                    "MatthiasMullie\\PathConverter\\": "src/"
                }
            },
            "notification-url": "https://packagist.org/downloads/",
            "license": [
                "MIT"
            ],
            "authors": [
                {
                    "name": "Matthias Mullie",
                    "email": "pathconverter@mullie.eu",
                    "homepage": "http://www.mullie.eu",
                    "role": "Developer"
                }
            ],
            "description": "Relative path converter",
            "homepage": "http://github.com/matthiasmullie/path-converter",
            "keywords": [
                "converter",
                "path",
                "paths",
                "relative"
            ],
            "time": "2017-01-26T08:54:49+00:00"
        },
        {
            "name": "myclabs/deep-copy",
            "version": "1.7.0",
            "source": {
                "type": "git",
                "url": "https://github.com/myclabs/DeepCopy.git",
                "reference": "3b8a3a99ba1f6a3952ac2747d989303cbd6b7a3e"
            },
            "dist": {
                "type": "zip",
                "url": "https://api.github.com/repos/myclabs/DeepCopy/zipball/3b8a3a99ba1f6a3952ac2747d989303cbd6b7a3e",
                "reference": "3b8a3a99ba1f6a3952ac2747d989303cbd6b7a3e",
                "shasum": ""
            },
            "require": {
                "php": "^5.6 || ^7.0"
            },
            "require-dev": {
                "doctrine/collections": "^1.0",
                "doctrine/common": "^2.6",
                "phpunit/phpunit": "^4.1"
            },
            "type": "library",
            "autoload": {
                "psr-4": {
                    "DeepCopy\\": "src/DeepCopy/"
                },
                "files": [
                    "src/DeepCopy/deep_copy.php"
                ]
            },
            "notification-url": "https://packagist.org/downloads/",
            "license": [
                "MIT"
            ],
            "description": "Create deep copies (clones) of your objects",
            "keywords": [
                "clone",
                "copy",
                "duplicate",
                "object",
                "object graph"
            ],
            "time": "2017-10-19T19:58:43+00:00"
        },
        {
            "name": "opis/closure",
            "version": "3.0.11",
            "source": {
                "type": "git",
                "url": "https://github.com/opis/closure.git",
                "reference": "62449d1ee06cd34bc7181eab9bfb3d483183b926"
            },
            "dist": {
                "type": "zip",
                "url": "https://api.github.com/repos/opis/closure/zipball/62449d1ee06cd34bc7181eab9bfb3d483183b926",
                "reference": "62449d1ee06cd34bc7181eab9bfb3d483183b926",
                "shasum": ""
            },
            "require": {
                "php": ">=5.4.0"
            },
            "require-dev": {
                "jeremeamia/superclosure": "^2.0",
                "phpunit/phpunit": "^4.0"
            },
            "type": "library",
            "extra": {
                "branch-alias": {
                    "dev-master": "3.0.x-dev"
                }
            },
            "autoload": {
                "psr-4": {
                    "Opis\\Closure\\": "src/"
                },
                "files": [
                    "functions.php"
                ]
            },
            "notification-url": "https://packagist.org/downloads/",
            "license": [
                "MIT"
            ],
            "authors": [
                {
                    "name": "Marius Sarca",
                    "email": "marius.sarca@gmail.com"
                }
            ],
            "description": "A library that can be used to serialize closures (anonymous functions) and arbitrary objects.",
            "homepage": "http://www.opis.io/closure",
            "keywords": [
                "anonymous functions",
                "closure",
                "function",
                "serializable",
                "serialization",
                "serialize"
            ],
            "time": "2018-01-21T23:48:20+00:00"
        },
        {
            "name": "symfony/event-dispatcher",
            "version": "v3.4.4",
            "source": {
                "type": "git",
                "url": "https://github.com/symfony/event-dispatcher.git",
                "reference": "26b87b6bca8f8f797331a30b76fdae5342dc26ca"
            },
            "dist": {
                "type": "zip",
                "url": "https://api.github.com/repos/symfony/event-dispatcher/zipball/26b87b6bca8f8f797331a30b76fdae5342dc26ca",
                "reference": "26b87b6bca8f8f797331a30b76fdae5342dc26ca",
                "shasum": ""
            },
            "require": {
                "php": "^5.5.9|>=7.0.8"
            },
            "conflict": {
                "symfony/dependency-injection": "<3.3"
            },
            "require-dev": {
                "psr/log": "~1.0",
                "symfony/config": "~2.8|~3.0|~4.0",
                "symfony/dependency-injection": "~3.3|~4.0",
                "symfony/expression-language": "~2.8|~3.0|~4.0",
                "symfony/stopwatch": "~2.8|~3.0|~4.0"
            },
            "suggest": {
                "symfony/dependency-injection": "",
                "symfony/http-kernel": ""
            },
            "type": "library",
            "extra": {
                "branch-alias": {
                    "dev-master": "3.4-dev"
                }
            },
            "autoload": {
                "psr-4": {
                    "Symfony\\Component\\EventDispatcher\\": ""
                },
                "exclude-from-classmap": [
                    "/Tests/"
                ]
            },
            "notification-url": "https://packagist.org/downloads/",
            "license": [
                "MIT"
            ],
            "authors": [
                {
                    "name": "Fabien Potencier",
                    "email": "fabien@symfony.com"
                },
                {
                    "name": "Symfony Community",
                    "homepage": "https://symfony.com/contributors"
                }
            ],
            "description": "Symfony EventDispatcher Component",
            "homepage": "https://symfony.com",
            "time": "2018-01-03T07:37:34+00:00"
        }
    ],
    "packages-dev": [],
    "aliases": [],
    "minimum-stability": "stable",
    "stability-flags": {
        "andaniel05/composed-views": 20,
        "andaniel05/glue-php": 20
    },
    "prefer-stable": false,
    "prefer-lowest": false,
    "platform": [],
    "platform-dev": []
}
